lockfileVersion: '6.0'

dependencies:
  '@prisma/client':
    specifier: 4.14.1
    version: 4.14.1(prisma@4.14.1)

devDependencies:
  '@types/node':
    specifier: ^20.1.7
    version: 20.1.7
  prisma:
    specifier: ^4.14.1
    version: 4.14.1
  typescript:
    specifier: ^5.0.4
    version: 5.0.4

packages:

  /@prisma/client@4.14.1(prisma@4.14.1):
    resolution: {integrity: sha512-TZIswkeX1ccsHG/eN2kICzg/csXll0osK3EHu1QKd8VJ3XLcXozbNELKkCNfsCUvKJAwPdDtFCzF+O+raIVldw==}
    engines: {node: '>=14.17'}
    requiresBuild: true
    peerDependencies:
      prisma: '*'
    peerDependenciesMeta:
      prisma:
        optional: true
    dependencies:
      '@prisma/engines-version': 4.14.0-67.d9a4c5988f480fa576d43970d5a23641aa77bc9c
      prisma: 4.14.1
    dev: false

  /@prisma/engines-version@4.14.0-67.d9a4c5988f480fa576d43970d5a23641aa77bc9c:
    resolution: {integrity: sha512-3jum8/YSudeSN0zGW5qkpz+wAN2V/NYCQ+BPjvHYDfWatLWlQkqy99toX0GysDeaUoBIJg1vaz2yKqiA3CFcQw==}
    dev: false

  /@prisma/engines@4.14.1:
    resolution: {integrity: sha512-APqFddPVHYmWNKqc+5J5SqrLFfOghKOLZxobmguDUacxOwdEutLsbXPVhNnpFDmuQWQFbXmrTTPoRrrF6B1MWA==}
    requiresBuild: true

  /@types/node@20.1.7:
    resolution: {integrity: sha512-WCuw/o4GSwDGMoonES8rcvwsig77dGCMbZDrZr2x4ZZiNW4P/gcoZXe/0twgtobcTkmg9TuKflxYL/DuwDyJzg==}
    dev: true

  /prisma@4.14.1:
    resolution: {integrity: sha512-z6hxzTMYqT9SIKlzD08dhzsLUpxjFKKsLpp5/kBDnSqiOjtUyyl/dC5tzxLcOa3jkEHQ8+RpB/fE3w8bgNP51g==}
    engines: {node: '>=14.17'}
    hasBin: true
    requiresBuild: true
    dependencies:
      '@prisma/engines': 4.14.1

  /typescript@5.0.4:
    resolution: {integrity: sha512-cW9T5W9xY37cc+jfEnaUvX91foxtHkza3Nw3wkoF4sSlKn0MONdkdEndig/qPBWXNkmplh3NzayQzCiHM4/hqw==}
    engines: {node: '>=12.20'}
    hasBin: true
    dev: true
